
Microsoft Visual Studio Solution File, Format Version 12.00
# Visual Studio 15
VisualStudioVersion = 15.0.27004.2008
MinimumVisualStudioVersion = 10.0.40219.1
Project("{8BC9CEB8-8B4A-11D0-8D11-00A0C91BC942}") = "Chapter2", "Chapter2\Chapter2.vcxproj", "{B3C38812-6869-4002-8A17-D3696FD9F93D}"
EndProject
Project("{8BC9CEB8-8B4A-11D0-8D11-00A0C91BC942}") = "Chapter3", "Chapter3\Chapter3.vcxproj", "{60E81322-7B83-4BB8-A294-0051FDD19B16}"
EndProject
Project("{8BC9CEB8-8B4A-11D0-8D11-00A0C91BC942}") = "Practice3", "Practice3\Practice3.vcxproj", "{1DD3964F-F7F8-4B76-BA4A-564D57484EEE}"
EndProject
Project("{8BC9CEB8-8B4A-11D0-8D11-00A0C91BC942}") = "Chapter4", "Chapter4\Chapter4.vcxproj", "{7E953CB2-7F9D-4E41-B6B0-338237CA6459}"
EndProject
Project("{8BC9CEB8-8B4A-11D0-8D11-00A0C91BC942}") = "Practice2", "Practice2\Practice.vcxproj", "{686DAA43-174B-4954-9784-8D0F98ED8EAA}"
EndProject
Project("{8BC9CEB8-8B4A-11D0-8D11-00A0C91BC942}") = "Test", "Test\Test.vcxproj", "{0D871BAA-1F96-4A87-A8C2-3A463FCA1C45}"
EndProject
Project("{8BC9CEB8-8B4A-11D0-8D11-00A0C91BC942}") = "Snippet", "Snippet\Snippet.vcxproj", "{8CC93340-97BB-48AA-82BE-E1AFCA041FA9}"
EndProject
Project("{8BC9CEB8-8B4A-11D0-8D11-00A0C91BC942}") = "tools", "tools\tools.vcxproj", "{1CA8D68B-9BB7-495B-ACDD-CBA3447292EC}"
EndProject
Project("{8BC9CEB8-8B4A-11D0-8D11-00A0C91BC942}") = "ImgTest", "ImgTest\ImgTest.vcxproj", "{1139DC13-D4EF-4115-9698-487704003387}"
EndProject
Project("{8BC9CEB8-8B4A-11D0-8D11-00A0C91BC942}") = "BmpTest", "BmpTest\BmpTest.vcxproj", "{B30D9BA3-B7D4-4FA9-A892-5133A3B5307B}"
EndProject
Project("{8BC9CEB8-8B4A-11D0-8D11-00A0C91BC942}") = "BasicDataType", "BasicDataType\BasicDataType.vcxproj", "{F67E2BD8-FE3E-4455-BAC5-0D5225CBEA19}"
EndProject
Global
	GlobalSection(SolutionConfigurationPlatforms) = preSolution
		Debug|Win32 = Debug|Win32
		Debug|x64 = Debug|x64
		Release|Win32 = Release|Win32
		Release|x64 = Release|x64
	EndGlobalSection
	GlobalSection(ProjectConfigurationPlatforms) = postSolution
		{B3C38812-6869-4002-8A17-D3696FD9F93D}.Debug|Win32.ActiveCfg = Debug|Win32
		{B3C38812-6869-4002-8A17-D3696FD9F93D}.Debug|Win32.Build.0 = Debug|Win32
		{B3C38812-6869-4002-8A17-D3696FD9F93D}.Debug|x64.ActiveCfg = Debug|x64
		{B3C38812-6869-4002-8A17-D3696FD9F93D}.Debug|x64.Build.0 = Debug|x64
		{B3C38812-6869-4002-8A17-D3696FD9F93D}.Release|Win32.ActiveCfg = Release|Win32
		{B3C38812-6869-4002-8A17-D3696FD9F93D}.Release|Win32.Build.0 = Release|Win32
		{B3C38812-6869-4002-8A17-D3696FD9F93D}.Release|x64.ActiveCfg = Release|x64
		{B3C38812-6869-4002-8A17-D3696FD9F93D}.Release|x64.Build.0 = Release|x64
		{60E81322-7B83-4BB8-A294-0051FDD19B16}.Debug|Win32.ActiveCfg = Debug|Win32
		{60E81322-7B83-4BB8-A294-0051FDD19B16}.Debug|Win32.Build.0 = Debug|Win32
		{60E81322-7B83-4BB8-A294-0051FDD19B16}.Debug|x64.ActiveCfg = Debug|x64
		{60E81322-7B83-4BB8-A294-0051FDD19B16}.Debug|x64.Build.0 = Debug|x64
		{60E81322-7B83-4BB8-A294-0051FDD19B16}.Release|Win32.ActiveCfg = Release|Win32
		{60E81322-7B83-4BB8-A294-0051FDD19B16}.Release|Win32.Build.0 = Release|Win32
		{60E81322-7B83-4BB8-A294-0051FDD19B16}.Release|x64.ActiveCfg = Release|x64
		{60E81322-7B83-4BB8-A294-0051FDD19B16}.Release|x64.Build.0 = Release|x64
		{1DD3964F-F7F8-4B76-BA4A-564D57484EEE}.Debug|Win32.ActiveCfg = Debug|Win32
		{1DD3964F-F7F8-4B76-BA4A-564D57484EEE}.Debug|Win32.Build.0 = Debug|Win32
		{1DD3964F-F7F8-4B76-BA4A-564D57484EEE}.Debug|x64.ActiveCfg = Debug|x64
		{1DD3964F-F7F8-4B76-BA4A-564D57484EEE}.Debug|x64.Build.0 = Debug|x64
		{1DD3964F-F7F8-4B76-BA4A-564D57484EEE}.Release|Win32.ActiveCfg = Release|Win32
		{1DD3964F-F7F8-4B76-BA4A-564D57484EEE}.Release|Win32.Build.0 = Release|Win32
		{1DD3964F-F7F8-4B76-BA4A-564D57484EEE}.Release|x64.ActiveCfg = Release|x64
		{1DD3964F-F7F8-4B76-BA4A-564D57484EEE}.Release|x64.Build.0 = Release|x64
		{7E953CB2-7F9D-4E41-B6B0-338237CA6459}.Debug|Win32.ActiveCfg = Debug|Win32
		{7E953CB2-7F9D-4E41-B6B0-338237CA6459}.Debug|Win32.Build.0 = Debug|Win32
		{7E953CB2-7F9D-4E41-B6B0-338237CA6459}.Debug|x64.ActiveCfg = Debug|x64
		{7E953CB2-7F9D-4E41-B6B0-338237CA6459}.Debug|x64.Build.0 = Debug|x64
		{7E953CB2-7F9D-4E41-B6B0-338237CA6459}.Release|Win32.ActiveCfg = Release|Win32
		{7E953CB2-7F9D-4E41-B6B0-338237CA6459}.Release|Win32.Build.0 = Release|Win32
		{7E953CB2-7F9D-4E41-B6B0-338237CA6459}.Release|x64.ActiveCfg = Release|x64
		{7E953CB2-7F9D-4E41-B6B0-338237CA6459}.Release|x64.Build.0 = Release|x64
		{686DAA43-174B-4954-9784-8D0F98ED8EAA}.Debug|Win32.ActiveCfg = Debug|Win32
		{686DAA43-174B-4954-9784-8D0F98ED8EAA}.Debug|Win32.Build.0 = Debug|Win32
		{686DAA43-174B-4954-9784-8D0F98ED8EAA}.Debug|x64.ActiveCfg = Debug|x64
		{686DAA43-174B-4954-9784-8D0F98ED8EAA}.Debug|x64.Build.0 = Debug|x64
		{686DAA43-174B-4954-9784-8D0F98ED8EAA}.Release|Win32.ActiveCfg = Release|Win32
		{686DAA43-174B-4954-9784-8D0F98ED8EAA}.Release|Win32.Build.0 = Release|Win32
		{686DAA43-174B-4954-9784-8D0F98ED8EAA}.Release|x64.ActiveCfg = Release|x64
		{686DAA43-174B-4954-9784-8D0F98ED8EAA}.Release|x64.Build.0 = Release|x64
		{0D871BAA-1F96-4A87-A8C2-3A463FCA1C45}.Debug|Win32.ActiveCfg = Debug|Win32
		{0D871BAA-1F96-4A87-A8C2-3A463FCA1C45}.Debug|Win32.Build.0 = Debug|Win32
		{0D871BAA-1F96-4A87-A8C2-3A463FCA1C45}.Debug|x64.ActiveCfg = Debug|x64
		{0D871BAA-1F96-4A87-A8C2-3A463FCA1C45}.Debug|x64.Build.0 = Debug|x64
		{0D871BAA-1F96-4A87-A8C2-3A463FCA1C45}.Release|Win32.ActiveCfg = Release|Win32
		{0D871BAA-1F96-4A87-A8C2-3A463FCA1C45}.Release|Win32.Build.0 = Release|Win32
		{0D871BAA-1F96-4A87-A8C2-3A463FCA1C45}.Release|x64.ActiveCfg = Release|x64
		{0D871BAA-1F96-4A87-A8C2-3A463FCA1C45}.Release|x64.Build.0 = Release|x64
		{8CC93340-97BB-48AA-82BE-E1AFCA041FA9}.Debug|Win32.ActiveCfg = Debug|Win32
		{8CC93340-97BB-48AA-82BE-E1AFCA041FA9}.Debug|Win32.Build.0 = Debug|Win32
		{8CC93340-97BB-48AA-82BE-E1AFCA041FA9}.Debug|x64.ActiveCfg = Debug|x64
		{8CC93340-97BB-48AA-82BE-E1AFCA041FA9}.Debug|x64.Build.0 = Debug|x64
		{8CC93340-97BB-48AA-82BE-E1AFCA041FA9}.Release|Win32.ActiveCfg = Release|Win32
		{8CC93340-97BB-48AA-82BE-E1AFCA041FA9}.Release|Win32.Build.0 = Release|Win32
		{8CC93340-97BB-48AA-82BE-E1AFCA041FA9}.Release|x64.ActiveCfg = Release|x64
		{8CC93340-97BB-48AA-82BE-E1AFCA041FA9}.Release|x64.Build.0 = Release|x64
		{1CA8D68B-9BB7-495B-ACDD-CBA3447292EC}.Debug|Win32.ActiveCfg = Debug|Win32
		{1CA8D68B-9BB7-495B-ACDD-CBA3447292EC}.Debug|Win32.Build.0 = Debug|Win32
		{1CA8D68B-9BB7-495B-ACDD-CBA3447292EC}.Debug|x64.ActiveCfg = Debug|x64
		{1CA8D68B-9BB7-495B-ACDD-CBA3447292EC}.Debug|x64.Build.0 = Debug|x64
		{1CA8D68B-9BB7-495B-ACDD-CBA3447292EC}.Release|Win32.ActiveCfg = Release|Win32
		{1CA8D68B-9BB7-495B-ACDD-CBA3447292EC}.Release|Win32.Build.0 = Release|Win32
		{1CA8D68B-9BB7-495B-ACDD-CBA3447292EC}.Release|x64.ActiveCfg = Release|x64
		{1CA8D68B-9BB7-495B-ACDD-CBA3447292EC}.Release|x64.Build.0 = Release|x64
		{1139DC13-D4EF-4115-9698-487704003387}.Debug|Win32.ActiveCfg = Debug|Win32
		{1139DC13-D4EF-4115-9698-487704003387}.Debug|Win32.Build.0 = Debug|Win32
		{1139DC13-D4EF-4115-9698-487704003387}.Debug|x64.ActiveCfg = Debug|Win32
		{1139DC13-D4EF-4115-9698-487704003387}.Release|Win32.ActiveCfg = Release|Win32
		{1139DC13-D4EF-4115-9698-487704003387}.Release|Win32.Build.0 = Release|Win32
		{1139DC13-D4EF-4115-9698-487704003387}.Release|x64.ActiveCfg = Release|Win32
		{B30D9BA3-B7D4-4FA9-A892-5133A3B5307B}.Debug|Win32.ActiveCfg = Debug|Win32
		{B30D9BA3-B7D4-4FA9-A892-5133A3B5307B}.Debug|Win32.Build.0 = Debug|Win32
		{B30D9BA3-B7D4-4FA9-A892-5133A3B5307B}.Debug|x64.ActiveCfg = Debug|x64
		{B30D9BA3-B7D4-4FA9-A892-5133A3B5307B}.Debug|x64.Build.0 = Debug|x64
		{B30D9BA3-B7D4-4FA9-A892-5133A3B5307B}.Release|Win32.ActiveCfg = Release|Win32
		{B30D9BA3-B7D4-4FA9-A892-5133A3B5307B}.Release|Win32.Build.0 = Release|Win32
		{B30D9BA3-B7D4-4FA9-A892-5133A3B5307B}.Release|x64.ActiveCfg = Release|x64
		{B30D9BA3-B7D4-4FA9-A892-5133A3B5307B}.Release|x64.Build.0 = Release|x64
		{F67E2BD8-FE3E-4455-BAC5-0D5225CBEA19}.Debug|Win32.ActiveCfg = Debug|Win32
		{F67E2BD8-FE3E-4455-BAC5-0D5225CBEA19}.Debug|Win32.Build.0 = Debug|Win32
		{F67E2BD8-FE3E-4455-BAC5-0D5225CBEA19}.Debug|x64.ActiveCfg = Debug|x64
		{F67E2BD8-FE3E-4455-BAC5-0D5225CBEA19}.Debug|x64.Build.0 = Debug|x64
		{F67E2BD8-FE3E-4455-BAC5-0D5225CBEA19}.Release|Win32.ActiveCfg = Release|Win32
		{F67E2BD8-FE3E-4455-BAC5-0D5225CBEA19}.Release|Win32.Build.0 = Release|Win32
		{F67E2BD8-FE3E-4455-BAC5-0D5225CBEA19}.Release|x64.ActiveCfg = Release|x64
		{F67E2BD8-FE3E-4455-BAC5-0D5225CBEA19}.Release|x64.Build.0 = Release|x64
	EndGlobalSection
	GlobalSection(SolutionProperties) = preSolution
		HideSolutionNode = FALSE
	EndGlobalSection
	GlobalSection(ExtensibilityGlobals) = postSolution
		SolutionGuid = {0A07CA2F-30EC-4CB3-A283-20AFDB1DF1FE}
	EndGlobalSection
EndGlobal
